
Microsoft Visual Studio Solution File, Format Version 12.00
# Visual Studio Version 16
VisualStudioVersion = 16.0.31911.196
MinimumVisualStudioVersion = 10.0.40219.1
Project("{FAE04EC0-301F-11D3-BF4B-00C04F79EFBC}") = "BasicDelegates", "BasicDelegates\BasicDelegates.csproj", "{68E857E4-03A0-4A67-B5F8-B72FEC546F0E}"
EndProject
Project("{FAE04EC0-301F-11D3-BF4B-00C04F79EFBC}") = "AnonymousDelegates", "AnonymousDelegates\AnonymousDelegates.csproj", "{6C26DF28-4BBD-4600-912B-259DF748DF56}"
EndProject
Project("{FAE04EC0-301F-11D3-BF4B-00C04F79EFBC}") = "ComposableDelegates", "ComposableDelegates\ComposableDelegates.csproj", "{5127361D-0AC0-4DFD-82EE-4E37C61E494B}"
EndProject
Project("{FAE04EC0-301F-11D3-BF4B-00C04F79EFBC}") = "Composable2", "Composable2\Composable2.csproj", "{37E4553E-B8D0-4E8A-8012-D8F998BF5AE0}"
EndProject
Project("{FAE04EC0-301F-11D3-BF4B-00C04F79EFBC}") = "DelegatesSolution", "DelegatesSolution\DelegatesSolution.csproj", "{7ACB5E54-C9A4-427D-BC82-9B2111479B5B}"
EndProject
Project("{FAE04EC0-301F-11D3-BF4B-00C04F79EFBC}") = "BasicEvents", "BasicEvents\BasicEvents.csproj", "{2C7CC3B1-51D8-46E0-98E0-90B965308622}"
EndProject
Project("{FAE04EC0-301F-11D3-BF4B-00C04F79EFBC}") = "ChainedEvents", "ChainedEvents\ChainedEvents.csproj", "{E1AD86A5-59AC-4499-884A-5BE78F8E5450}"
EndProject
Project("{FAE04EC0-301F-11D3-BF4B-00C04F79EFBC}") = "EventsSolution", "EventsSolution\EventsSolution.csproj", "{1DFC9681-5D74-45E2-8AC0-C929EF5F66DE}"
EndProject
Project("{FAE04EC0-301F-11D3-BF4B-00C04F79EFBC}") = "BasicLambdas", "BasicLambdas\BasicLambdas.csproj", "{74AA7792-2D71-4366-B893-6A1A5603B96C}"
EndProject
Project("{FAE04EC0-301F-11D3-BF4B-00C04F79EFBC}") = "LambdaDelegates", "LambdaDelegates\LambdaDelegates.csproj", "{B621DEF4-6269-4630-9B03-10A5854C07B3}"
EndProject
Project("{FAE04EC0-301F-11D3-BF4B-00C04F79EFBC}") = "LambdasSolution", "LambdasSolution\LambdasSolution.csproj", "{C6A03CD8-B9AB-4E32-9C3D-39C24A8938C3}"
EndProject
Project("{FAE04EC0-301F-11D3-BF4B-00C04F79EFBC}") = "DelegatesAndLambdas", "DelegatesAndLambdas\DelegatesAndLambdas.csproj", "{261214ED-BD86-4FD2-A0F3-75ED6FEEB659}"
EndProject
Project("{FAE04EC0-301F-11D3-BF4B-00C04F79EFBC}") = "LambdasAndCollections", "LambdasAndCollections\LambdasAndCollections.csproj", "{4E036C17-7E6D-497D-9BEF-3ED632E9848C}"
EndProject
Global
	GlobalSection(SolutionConfigurationPlatforms) = preSolution
		Debug|Any CPU = Debug|Any CPU
		Release|Any CPU = Release|Any CPU
	EndGlobalSection
	GlobalSection(ProjectConfigurationPlatforms) = postSolution
		{68E857E4-03A0-4A67-B5F8-B72FEC546F0E}.Debug|Any CPU.ActiveCfg = Debug|Any CPU
		{68E857E4-03A0-4A67-B5F8-B72FEC546F0E}.Debug|Any CPU.Build.0 = Debug|Any CPU
		{68E857E4-03A0-4A67-B5F8-B72FEC546F0E}.Release|Any CPU.ActiveCfg = Release|Any CPU
		{68E857E4-03A0-4A67-B5F8-B72FEC546F0E}.Release|Any CPU.Build.0 = Release|Any CPU
		{6C26DF28-4BBD-4600-912B-259DF748DF56}.Debug|Any CPU.ActiveCfg = Debug|Any CPU
		{6C26DF28-4BBD-4600-912B-259DF748DF56}.Debug|Any CPU.Build.0 = Debug|Any CPU
		{6C26DF28-4BBD-4600-912B-259DF748DF56}.Release|Any CPU.ActiveCfg = Release|Any CPU
		{6C26DF28-4BBD-4600-912B-259DF748DF56}.Release|Any CPU.Build.0 = Release|Any CPU
		{5127361D-0AC0-4DFD-82EE-4E37C61E494B}.Debug|Any CPU.ActiveCfg = Debug|Any CPU
		{5127361D-0AC0-4DFD-82EE-4E37C61E494B}.Debug|Any CPU.Build.0 = Debug|Any CPU
		{5127361D-0AC0-4DFD-82EE-4E37C61E494B}.Release|Any CPU.ActiveCfg = Release|Any CPU
		{5127361D-0AC0-4DFD-82EE-4E37C61E494B}.Release|Any CPU.Build.0 = Release|Any CPU
		{37E4553E-B8D0-4E8A-8012-D8F998BF5AE0}.Debug|Any CPU.ActiveCfg = Debug|Any CPU
		{37E4553E-B8D0-4E8A-8012-D8F998BF5AE0}.Debug|Any CPU.Build.0 = Debug|Any CPU
		{37E4553E-B8D0-4E8A-8012-D8F998BF5AE0}.Release|Any CPU.ActiveCfg = Release|Any CPU
		{37E4553E-B8D0-4E8A-8012-D8F998BF5AE0}.Release|Any CPU.Build.0 = Release|Any CPU
		{7ACB5E54-C9A4-427D-BC82-9B2111479B5B}.Debug|Any CPU.ActiveCfg = Debug|Any CPU
		{7ACB5E54-C9A4-427D-BC82-9B2111479B5B}.Debug|Any CPU.Build.0 = Debug|Any CPU
		{7ACB5E54-C9A4-427D-BC82-9B2111479B5B}.Release|Any CPU.ActiveCfg = Release|Any CPU
		{7ACB5E54-C9A4-427D-BC82-9B2111479B5B}.Release|Any CPU.Build.0 = Release|Any CPU
		{2C7CC3B1-51D8-46E0-98E0-90B965308622}.Debug|Any CPU.ActiveCfg = Debug|Any CPU
		{2C7CC3B1-51D8-46E0-98E0-90B965308622}.Debug|Any CPU.Build.0 = Debug|Any CPU
		{2C7CC3B1-51D8-46E0-98E0-90B965308622}.Release|Any CPU.ActiveCfg = Release|Any CPU
		{2C7CC3B1-51D8-46E0-98E0-90B965308622}.Release|Any CPU.Build.0 = Release|Any CPU
		{E1AD86A5-59AC-4499-884A-5BE78F8E5450}.Debug|Any CPU.ActiveCfg = Debug|Any CPU
		{E1AD86A5-59AC-4499-884A-5BE78F8E5450}.Debug|Any CPU.Build.0 = Debug|Any CPU
		{E1AD86A5-59AC-4499-884A-5BE78F8E5450}.Release|Any CPU.ActiveCfg = Release|Any CPU
		{E1AD86A5-59AC-4499-884A-5BE78F8E5450}.Release|Any CPU.Build.0 = Release|Any CPU
		{1DFC9681-5D74-45E2-8AC0-C929EF5F66DE}.Debug|Any CPU.ActiveCfg = Debug|Any CPU
		{1DFC9681-5D74-45E2-8AC0-C929EF5F66DE}.Debug|Any CPU.Build.0 = Debug|Any CPU
		{1DFC9681-5D74-45E2-8AC0-C929EF5F66DE}.Release|Any CPU.ActiveCfg = Release|Any CPU
		{1DFC9681-5D74-45E2-8AC0-C929EF5F66DE}.Release|Any CPU.Build.0 = Release|Any CPU
		{74AA7792-2D71-4366-B893-6A1A5603B96C}.Debug|Any CPU.ActiveCfg = Debug|Any CPU
		{74AA7792-2D71-4366-B893-6A1A5603B96C}.Debug|Any CPU.Build.0 = Debug|Any CPU
		{74AA7792-2D71-4366-B893-6A1A5603B96C}.Release|Any CPU.ActiveCfg = Release|Any CPU
		{74AA7792-2D71-4366-B893-6A1A5603B96C}.Release|Any CPU.Build.0 = Release|Any CPU
		{B621DEF4-6269-4630-9B03-10A5854C07B3}.Debug|Any CPU.ActiveCfg = Debug|Any CPU
		{B621DEF4-6269-4630-9B03-10A5854C07B3}.Debug|Any CPU.Build.0 = Debug|Any CPU
		{B621DEF4-6269-4630-9B03-10A5854C07B3}.Release|Any CPU.ActiveCfg = Release|Any CPU
		{B621DEF4-6269-4630-9B03-10A5854C07B3}.Release|Any CPU.Build.0 = Release|Any CPU
		{C6A03CD8-B9AB-4E32-9C3D-39C24A8938C3}.Debug|Any CPU.ActiveCfg = Debug|Any CPU
		{C6A03CD8-B9AB-4E32-9C3D-39C24A8938C3}.Debug|Any CPU.Build.0 = Debug|Any CPU
		{C6A03CD8-B9AB-4E32-9C3D-39C24A8938C3}.Release|Any CPU.ActiveCfg = Release|Any CPU
		{C6A03CD8-B9AB-4E32-9C3D-39C24A8938C3}.Release|Any CPU.Build.0 = Release|Any CPU
		{261214ED-BD86-4FD2-A0F3-75ED6FEEB659}.Debug|Any CPU.ActiveCfg = Debug|Any CPU
		{261214ED-BD86-4FD2-A0F3-75ED6FEEB659}.Debug|Any CPU.Build.0 = Debug|Any CPU
		{261214ED-BD86-4FD2-A0F3-75ED6FEEB659}.Release|Any CPU.ActiveCfg = Release|Any CPU
		{261214ED-BD86-4FD2-A0F3-75ED6FEEB659}.Release|Any CPU.Build.0 = Release|Any CPU
		{4E036C17-7E6D-497D-9BEF-3ED632E9848C}.Debug|Any CPU.ActiveCfg = Debug|Any CPU
		{4E036C17-7E6D-497D-9BEF-3ED632E9848C}.Debug|Any CPU.Build.0 = Debug|Any CPU
		{4E036C17-7E6D-497D-9BEF-3ED632E9848C}.Release|Any CPU.ActiveCfg = Release|Any CPU
		{4E036C17-7E6D-497D-9BEF-3ED632E9848C}.Release|Any CPU.Build.0 = Release|Any CPU
	EndGlobalSection
	GlobalSection(SolutionProperties) = preSolution
		HideSolutionNode = FALSE
	EndGlobalSection
	GlobalSection(ExtensibilityGlobals) = postSolution
		SolutionGuid = {7B322E9E-EDBD-4751-8C2C-0CBA816727EA}
	EndGlobalSection
EndGlobal
